
Microsoft Visual Studio Solution File, Format Version 12.00
# Visual Studio 15
VisualStudioVersion = 15.0.34930.48
MinimumVisualStudioVersion = 10.0.40219.1
Project("{FAE04EC0-301F-11D3-BF4B-00C04F79EFBC}") = "DataTable1", "DataTable1\DataTable1.csproj", "{F3F5F65A-18C6-47AF-900C-AD9F782F833C}"
EndProject
Project("{FAE04EC0-301F-11D3-BF4B-00C04F79EFBC}") = "MyDataTableApp.Db", "MyDataTableApp.Db\MyDataTableApp.Db.csproj", "{9A06CBF2-8301-4301-8709-8B8768D9B24D}"
EndProject
Project("{FAE04EC0-301F-11D3-BF4B-00C04F79EFBC}") = "MyDataTableApp.Model", "MyDataTableApp.Model\MyDataTableApp.Model.csproj", "{40DECD15-6D23-49CA-854D-29F0724B5E29}"
EndProject
Project("{FAE04EC0-301F-11D3-BF4B-00C04F79EFBC}") = "MyDataTableApp.Helper", "MyDataTableApp.Helper\MyDataTableApp.Helper.csproj", "{A2D485B3-BEE6-4BE7-883F-1F04D9B3C768}"
EndProject
Global
	GlobalSection(SolutionConfigurationPlatforms) = preSolution
		Debug|Any CPU = Debug|Any CPU
		Release|Any CPU = Release|Any CPU
	EndGlobalSection
	GlobalSection(ProjectConfigurationPlatforms) = postSolution
		{F3F5F65A-18C6-47AF-900C-AD9F782F833C}.Debug|Any CPU.ActiveCfg = Debug|Any CPU
		{F3F5F65A-18C6-47AF-900C-AD9F782F833C}.Debug|Any CPU.Build.0 = Debug|Any CPU
		{F3F5F65A-18C6-47AF-900C-AD9F782F833C}.Release|Any CPU.ActiveCfg = Release|Any CPU
		{F3F5F65A-18C6-47AF-900C-AD9F782F833C}.Release|Any CPU.Build.0 = Release|Any CPU
		{9A06CBF2-8301-4301-8709-8B8768D9B24D}.Debug|Any CPU.ActiveCfg = Debug|Any CPU
		{9A06CBF2-8301-4301-8709-8B8768D9B24D}.Debug|Any CPU.Build.0 = Debug|Any CPU
		{9A06CBF2-8301-4301-8709-8B8768D9B24D}.Release|Any CPU.ActiveCfg = Release|Any CPU
		{9A06CBF2-8301-4301-8709-8B8768D9B24D}.Release|Any CPU.Build.0 = Release|Any CPU
		{40DECD15-6D23-49CA-854D-29F0724B5E29}.Debug|Any CPU.ActiveCfg = Debug|Any CPU
		{40DECD15-6D23-49CA-854D-29F0724B5E29}.Debug|Any CPU.Build.0 = Debug|Any CPU
		{40DECD15-6D23-49CA-854D-29F0724B5E29}.Release|Any CPU.ActiveCfg = Release|Any CPU
		{40DECD15-6D23-49CA-854D-29F0724B5E29}.Release|Any CPU.Build.0 = Release|Any CPU
		{A2D485B3-BEE6-4BE7-883F-1F04D9B3C768}.Debug|Any CPU.ActiveCfg = Debug|Any CPU
		{A2D485B3-BEE6-4BE7-883F-1F04D9B3C768}.Debug|Any CPU.Build.0 = Debug|Any CPU
		{A2D485B3-BEE6-4BE7-883F-1F04D9B3C768}.Release|Any CPU.ActiveCfg = Release|Any CPU
		{A2D485B3-BEE6-4BE7-883F-1F04D9B3C768}.Release|Any CPU.Build.0 = Release|Any CPU
	EndGlobalSection
	GlobalSection(SolutionProperties) = preSolution
		HideSolutionNode = FALSE
	EndGlobalSection
	GlobalSection(ExtensibilityGlobals) = postSolution
		SolutionGuid = {20155005-9580-4863-81F5-2A8CC26F7454}
	EndGlobalSection
EndGlobal
